
Microsoft Visual Studio Solution File, Format Version 12.00
# Visual Studio Version 17
VisualStudioVersion = 17.11.35219.272
MinimumVisualStudioVersion = 10.0.40219.1
Project("{9A19103F-16F7-4668-BE54-9A1E7A4F7556}") = "DataAccess", "DataAccess\DataAccess.csproj", "{C0EBD99D-9EA9-42F4-90E4-EF5E4D1CA6DE}"
EndProject
Project("{9A19103F-16F7-4668-BE54-9A1E7A4F7556}") = "Business", "Business\Business.csproj", "{0C963DDA-0F4B-4305-9E39-12220E2AFFC3}"
EndProject
Project("{9A19103F-16F7-4668-BE54-9A1E7A4F7556}") = "Entities", "Entities\Entities.csproj", "{60B5D84D-206A-4BD7-AADC-518BCA2DB63A}"
EndProject
Project("{9A19103F-16F7-4668-BE54-9A1E7A4F7556}") = "ConsoleUI", "ConsoleUI\ConsoleUI.csproj", "{16F889EB-6980-4989-87E5-CA87FF26E2D9}"
EndProject
Project("{9A19103F-16F7-4668-BE54-9A1E7A4F7556}") = "Core", "Core\Core.csproj", "{94B5BB4B-CB4C-484A-A666-543730ABC3C6}"
EndProject
Global
	GlobalSection(SolutionConfigurationPlatforms) = preSolution
		Debug|Any CPU = Debug|Any CPU
		Release|Any CPU = Release|Any CPU
	EndGlobalSection
	GlobalSection(ProjectConfigurationPlatforms) = postSolution
		{C0EBD99D-9EA9-42F4-90E4-EF5E4D1CA6DE}.Debug|Any CPU.ActiveCfg = Debug|Any CPU
		{C0EBD99D-9EA9-42F4-90E4-EF5E4D1CA6DE}.Debug|Any CPU.Build.0 = Debug|Any CPU
		{C0EBD99D-9EA9-42F4-90E4-EF5E4D1CA6DE}.Release|Any CPU.ActiveCfg = Release|Any CPU
		{C0EBD99D-9EA9-42F4-90E4-EF5E4D1CA6DE}.Release|Any CPU.Build.0 = Release|Any CPU
		{0C963DDA-0F4B-4305-9E39-12220E2AFFC3}.Debug|Any CPU.ActiveCfg = Debug|Any CPU
		{0C963DDA-0F4B-4305-9E39-12220E2AFFC3}.Debug|Any CPU.Build.0 = Debug|Any CPU
		{0C963DDA-0F4B-4305-9E39-12220E2AFFC3}.Release|Any CPU.ActiveCfg = Release|Any CPU
		{0C963DDA-0F4B-4305-9E39-12220E2AFFC3}.Release|Any CPU.Build.0 = Release|Any CPU
		{60B5D84D-206A-4BD7-AADC-518BCA2DB63A}.Debug|Any CPU.ActiveCfg = Debug|Any CPU
		{60B5D84D-206A-4BD7-AADC-518BCA2DB63A}.Debug|Any CPU.Build.0 = Debug|Any CPU
		{60B5D84D-206A-4BD7-AADC-518BCA2DB63A}.Release|Any CPU.ActiveCfg = Release|Any CPU
		{60B5D84D-206A-4BD7-AADC-518BCA2DB63A}.Release|Any CPU.Build.0 = Release|Any CPU
		{16F889EB-6980-4989-87E5-CA87FF26E2D9}.Debug|Any CPU.ActiveCfg = Debug|Any CPU
		{16F889EB-6980-4989-87E5-CA87FF26E2D9}.Debug|Any CPU.Build.0 = Debug|Any CPU
		{16F889EB-6980-4989-87E5-CA87FF26E2D9}.Release|Any CPU.ActiveCfg = Release|Any CPU
		{16F889EB-6980-4989-87E5-CA87FF26E2D9}.Release|Any CPU.Build.0 = Release|Any CPU
		{94B5BB4B-CB4C-484A-A666-543730ABC3C6}.Debug|Any CPU.ActiveCfg = Debug|Any CPU
		{94B5BB4B-CB4C-484A-A666-543730ABC3C6}.Debug|Any CPU.Build.0 = Debug|Any CPU
		{94B5BB4B-CB4C-484A-A666-543730ABC3C6}.Release|Any CPU.ActiveCfg = Release|Any CPU
		{94B5BB4B-CB4C-484A-A666-543730ABC3C6}.Release|Any CPU.Build.0 = Release|Any CPU
	EndGlobalSection
	GlobalSection(SolutionProperties) = preSolution
		HideSolutionNode = FALSE
	EndGlobalSection
	GlobalSection(ExtensibilityGlobals) = postSolution
		SolutionGuid = {E9D620A2-7E21-4E22-809E-776E16BD1F42}
	EndGlobalSection
EndGlobal
